// !$*UTF8*$!
{
	archiveVersion = 1;
	classes = {
	};
	objectVersion = 48;
	objects = {

/* Begin PBXBuildFile section */
		D29EEBF1206040EB00C72DD2 /* Chunk.swift in Sources */ = {isa = PBXBuildFile; fileRef = D29EEBF0206040EB00C72DD2 /* Chunk.swift */; };
		D29EEBF32060582300C72DD2 /* ChunkManager.swift in Sources */ = {isa = PBXBuildFile; fileRef = D29EEBF22060582300C72DD2 /* ChunkManager.swift */; };
		D29EEBF62060640400C72DD2 /* LocationProvider.swift in Sources */ = {isa = PBXBuildFile; fileRef = D29EEBF52060640400C72DD2 /* LocationProvider.swift */; };
		D2E29E38204660440009946E /* AppDelegate.swift in Sources */ = {isa = PBXBuildFile; fileRef = D2E29E37204660440009946E /* AppDelegate.swift */; };
		D2E29E3A204660440009946E /* art.scnassets in Resources */ = {isa = PBXBuildFile; fileRef = D2E29E39204660440009946E /* art.scnassets */; };
		D2E29E3C204660440009946E /* ViewController.swift in Sources */ = {isa = PBXBuildFile; fileRef = D2E29E3B204660440009946E /* ViewController.swift */; };
		D2E29E3F204660440009946E /* Main.storyboard in Resources */ = {isa = PBXBuildFile; fileRef = D2E29E3D204660440009946E /* Main.storyboard */; };
		D2E29E41204660440009946E /* Assets.xcassets in Resources */ = {isa = PBXBuildFile; fileRef = D2E29E40204660440009946E /* Assets.xcassets */; };
		D2E29E44204660440009946E /* LaunchScreen.storyboard in Resources */ = {isa = PBXBuildFile; fileRef = D2E29E42204660440009946E /* LaunchScreen.storyboard */; };
		D2E29E4F204660440009946E /* Flood_Safety_SimulatorTests.swift in Sources */ = {isa = PBXBuildFile; fileRef = D2E29E4E204660440009946E /* Flood_Safety_SimulatorTests.swift */; };
/* End PBXBuildFile section */

/* Begin PBXContainerItemProxy section */
		D2E29E4B204660440009946E /* PBXContainerItemProxy */ = {
			isa = PBXContainerItemProxy;
			containerPortal = D2E29E2C204660440009946E /* Project object */;
			proxyType = 1;
			remoteGlobalIDString = D2E29E33204660440009946E;
			remoteInfo = "Flood Safety Simulator";
		};
/* End PBXContainerItemProxy section */

/* Begin PBXFileReference section */
		D29EEBF0206040EB00C72DD2 /* Chunk.swift */ = {isa = PBXFileReference; lastKnownFileType = sourcecode.swift; path = Chunk.swift; sourceTree = "<group>"; };
		D29EEBF22060582300C72DD2 /* ChunkManager.swift */ = {isa = PBXFileReference; lastKnownFileType = sourcecode.swift; path = ChunkManager.swift; sourceTree = "<group>"; };
		D29EEBF52060640400C72DD2 /* LocationProvider.swift */ = {isa = PBXFileReference; lastKnownFileType = sourcecode.swift; path = LocationProvider.swift; sourceTree = "<group>"; };
		D2E29E34204660440009946E /* Flood Safety Simulator.app */ = {isa = PBXFileReference; explicitFileType = wrapper.application; includeInIndex = 0; path = "Flood Safety Simulator.app"; sourceTree = BUILT_PRODUCTS_DIR; };
		D2E29E37204660440009946E /* AppDelegate.swift */ = {isa = PBXFileReference; lastKnownFileType = sourcecode.swift; path = AppDelegate.swift; sourceTree = "<group>"; };
		D2E29E39204660440009946E /* art.scnassets */ = {isa = PBXFileReference; lastKnownFileType = wrapper.scnassets; path = art.scnassets; sourceTree = "<group>"; };
		D2E29E3B204660440009946E /* ViewController.swift */ = {isa = PBXFileReference; lastKnownFileType = sourcecode.swift; path = ViewController.swift; sourceTree = "<group>"; };
		D2E29E3E204660440009946E /* Base */ = {isa = PBXFileReference; lastKnownFileType = file.storyboard; name = Base; path = Base.lproj/Main.storyboard; sourceTree = "<group>"; };
		D2E29E40204660440009946E /* Assets.xcassets */ = {isa = PBXFileReference; lastKnownFileType = folder.assetcatalog; path = Assets.xcassets; sourceTree = "<group>"; };
		D2E29E43204660440009946E /* Base */ = {isa = PBXFileReference; lastKnownFileType = file.storyboard; name = Base; path = Base.lproj/LaunchScreen.storyboard; sourceTree = "<group>"; };
		D2E29E45204660440009946E /* Info.plist */ = {isa = PBXFileReference; lastKnownFileType = text.plist.xml; path = Info.plist; sourceTree = "<group>"; };
		D2E29E4A204660440009946E /* Flood Safety SimulatorTests.xctest */ = {isa = PBXFileReference; explicitFileType = wrapper.cfbundle; includeInIndex = 0; path = "Flood Safety SimulatorTests.xctest"; sourceTree = BUILT_PRODUCTS_DIR; };
		D2E29E4E204660440009946E /* Flood_Safety_SimulatorTests.swift */ = {isa = PBXFileReference; lastKnownFileType = sourcecode.swift; path = Flood_Safety_SimulatorTests.swift; sourceTree = "<group>"; };
		D2E29E50204660440009946E /* Info.plist */ = {isa = PBXFileReference; lastKnownFileType = text.plist.xml; path = Info.plist; sourceTree = "<group>"; };
/* End PBXFileReference section */

/* Begin PBXFrameworksBuildPhase section */
		D2E29E31204660440009946E /* Frameworks */ = {
			isa = PBXFrameworksBuildPhase;
			buildActionMask = 2147483647;
			files = (
			);
			runOnlyForDeploymentPostprocessing = 0;
		};
		D2E29E47204660440009946E /* Frameworks */ = {
			isa = PBXFrameworksBuildPhase;
			buildActionMask = 2147483647;
			files = (
			);
			runOnlyForDeploymentPostprocessing = 0;
		};
/* End PBXFrameworksBuildPhase section */

/* Begin PBXGroup section */
		D29EEBEF206040CD00C72DD2 /* model */ = {
			isa = PBXGroup;
			children = (
				D29EEBF0206040EB00C72DD2 /* Chunk.swift */,
				D29EEBF22060582300C72DD2 /* ChunkManager.swift */,
			);
			path = model;
			sourceTree = "<group>";
		};
		D29EEBF4206063F700C72DD2 /* location */ = {
			isa = PBXGroup;
			children = (
				D29EEBF52060640400C72DD2 /* LocationProvider.swift */,
			);
			path = location;
			sourceTree = "<group>";
		};
		D2E29E2B204660440009946E = {
			isa = PBXGroup;
			children = (
				D2E29E36204660440009946E /* Flood Safety Simulator */,
				D2E29E4D204660440009946E /* Flood Safety SimulatorTests */,
				D2E29E35204660440009946E /* Products */,
			);
			sourceTree = "<group>";
		};
		D2E29E35204660440009946E /* Products */ = {
			isa = PBXGroup;
			children = (
				D2E29E34204660440009946E /* Flood Safety Simulator.app */,
				D2E29E4A204660440009946E /* Flood Safety SimulatorTests.xctest */,
			);
			name = Products;
			sourceTree = "<group>";
		};
		D2E29E36204660440009946E /* Flood Safety Simulator */ = {
			isa = PBXGroup;
			children = (
				D2E29E39204660440009946E /* art.scnassets */,
				D29EEBF4206063F700C72DD2 /* location */,
				D29EEBEF206040CD00C72DD2 /* model */,
				D2E29E37204660440009946E /* AppDelegate.swift */,
				D2E29E3B204660440009946E /* ViewController.swift */,
				D2E29E3D204660440009946E /* Main.storyboard */,
				D2E29E40204660440009946E /* Assets.xcassets */,
				D2E29E42204660440009946E /* LaunchScreen.storyboard */,
				D2E29E45204660440009946E /* Info.plist */,
			);
			path = "Flood Safety Simulator";
			sourceTree = "<group>";
		};
		D2E29E4D204660440009946E /* Flood Safety SimulatorTests */ = {
			isa = PBXGroup;
			children = (
				D2E29E4E204660440009946E /* Flood_Safety_SimulatorTests.swift */,
				D2E29E50204660440009946E /* Info.plist */,
			);
			path = "Flood Safety SimulatorTests";
			sourceTree = "<group>";
		};
/* End PBXGroup section */

/* Begin PBXNativeTarget section */
		D2E29E33204660440009946E /* Flood Safety Simulator */ = {
			isa = PBXNativeTarget;
			buildConfigurationList = D2E29E53204660440009946E /* Build configuration list for PBXNativeTarget "Flood Safety Simulator" */;
			buildPhases = (
				D2E29E30204660440009946E /* Sources */,
				D2E29E31204660440009946E /* Frameworks */,
				D2E29E32204660440009946E /* Resources */,
			);
			buildRules = (
			);
			dependencies = (
			);
			name = "Flood Safety Simulator";
			productName = "Flood Safety Simulator";
			productReference = D2E29E34204660440009946E /* Flood Safety Simulator.app */;
			productType = "com.apple.product-type.application";
		};
		D2E29E49204660440009946E /* Flood Safety SimulatorTests */ = {
			isa = PBXNativeTarget;
			buildConfigurationList = D2E29E56204660440009946E /* Build configuration list for PBXNativeTarget "Flood Safety SimulatorTests" */;
			buildPhases = (
				D2E29E46204660440009946E /* Sources */,
				D2E29E47204660440009946E /* Frameworks */,
				D2E29E48204660440009946E /* Resources */,
			);
			buildRules = (
			);
			dependencies = (
				D2E29E4C204660440009946E /* PBXTargetDependency */,
			);
			name = "Flood Safety SimulatorTests";
			productName = "Flood Safety SimulatorTests";
			productReference = D2E29E4A204660440009946E /* Flood Safety SimulatorTests.xctest */;
			productType = "com.apple.product-type.bundle.unit-test";
		};
/* End PBXNativeTarget section */

/* Begin PBXProject section */
		D2E29E2C204660440009946E /* Project object */ = {
			isa = PBXProject;
			attributes = {
				LastSwiftUpdateCheck = 0920;
				LastUpgradeCheck = 0920;
				ORGANIZATIONNAME = "Scott Blechman";
				TargetAttributes = {
					D2E29E33204660440009946E = {
						CreatedOnToolsVersion = 9.2;
						ProvisioningStyle = Automatic;
					};
					D2E29E49204660440009946E = {
						CreatedOnToolsVersion = 9.2;
						ProvisioningStyle = Automatic;
						TestTargetID = D2E29E33204660440009946E;
					};
				};
			};
			buildConfigurationList = D2E29E2F204660440009946E /* Build configuration list for PBXProject "Flood Safety Simulator" */;
			compatibilityVersion = "Xcode 8.0";
			developmentRegion = en;
			hasScannedForEncodings = 0;
			knownRegions = (
				en,
				Base,
			);
			mainGroup = D2E29E2B204660440009946E;
			productRefGroup = D2E29E35204660440009946E /* Products */;
			projectDirPath = "";
			projectRoot = "";
			targets = (
				D2E29E33204660440009946E /* Flood Safety Simulator */,
				D2E29E49204660440009946E /* Flood Safety SimulatorTests */,
			);
		};
/* End PBXProject section */

/* Begin PBXResourcesBuildPhase section */
		D2E29E32204660440009946E /* Resources */ = {
			isa = PBXResourcesBuildPhase;
			buildActionMask = 2147483647;
			files = (
				D2E29E3A204660440009946E /* art.scnassets in Resources */,
				D2E29E44204660440009946E /* LaunchScreen.storyboard in Resources */,
				D2E29E41204660440009946E /* Assets.xcassets in Resources */,
				D2E29E3F204660440009946E /* Main.storyboard in Resources */,
			);
			runOnlyForDeploymentPostprocessing = 0;
		};
		D2E29E48204660440009946E /* Resources */ = {
			isa = PBXResourcesBuildPhase;
			buildActionMask = 2147483647;
			files = (
			);
			runOnlyForDeploymentPostprocessing = 0;
		};
/* End PBXResourcesBuildPhase section */

/* Begin PBXSourcesBuildPhase section */
		D2E29E30204660440009946E /* Sources */ = {
			isa = PBXSourcesBuildPhase;
			buildActionMask = 2147483647;
			files = (
				D2E29E3C204660440009946E /* ViewController.swift in Sources */,
				D29EEBF32060582300C72DD2 /* ChunkManager.swift in Sources */,
				D2E29E38204660440009946E /* AppDelegate.swift in Sources */,
				D29EEBF1206040EB00C72DD2 /* Chunk.swift in Sources */,
				D29EEBF62060640400C72DD2 /* LocationProvider.swift in Sources */,
			);
			runOnlyForDeploymentPostprocessing = 0;
		};
		D2E29E46204660440009946E /* Sources */ = {
			isa = PBXSourcesBuildPhase;
			buildActionMask = 2147483647;
			files = (
				D2E29E4F204660440009946E /* Flood_Safety_SimulatorTests.swift in Sources */,
			);
			runOnlyForDeploymentPostprocessing = 0;
		};
/* End PBXSourcesBuildPhase section */

/* Begin PBXTargetDependency section */
		D2E29E4C204660440009946E /* PBXTargetDependency */ = {
			isa = PBXTargetDependency;
			target = D2E29E33204660440009946E /* Flood Safety Simulator */;
			targetProxy = D2E29E4B204660440009946E /* PBXContainerItemProxy */;
		};
/* End PBXTargetDependency section */

/* Begin PBXVariantGroup section */
		D2E29E3D204660440009946E /* Main.storyboard */ = {
			isa = PBXVariantGroup;
			children = (
				D2E29E3E204660440009946E /* Base */,
			);
			name = Main.storyboard;
			sourceTree = "<group>";
		};
		D2E29E42204660440009946E /* LaunchScreen.storyboard */ = {
			isa = PBXVariantGroup;
			children = (
				D2E29E43204660440009946E /* Base */,
			);
			name = LaunchScreen.storyboard;
			sourceTree = "<group>";
		};
/* End PBXVariantGroup section */

/* Begin XCBuildConfiguration section */
		D2E29E51204660440009946E /* Debug */ = {
			isa = XCBuildConfiguration;
			buildSettings = {
				ALWAYS_SEARCH_USER_PATHS = NO;
				CLANG_ANALYZER_NONNULL = YES;
				CLANG_ANALYZER_NUMBER_OBJECT_CONVERSION = YES_AGGRESSIVE;
				CLANG_CXX_LANGUAGE_STANDARD = "gnu++14";
				CLANG_CXX_LIBRARY = "libc++";
				CLANG_ENABLE_MODULES = YES;
				CLANG_ENABLE_OBJC_ARC = YES;
				CLANG_WARN_BLOCK_CAPTURE_AUTORELEASING = YES;
				CLANG_WARN_BOOL_CONVERSION = YES;
				CLANG_WARN_COMMA = YES;
				CLANG_WARN_CONSTANT_CONVERSION = YES;
				CLANG_WARN_DIRECT_OBJC_ISA_USAGE = YES_ERROR;
				CLANG_WARN_DOCUMENTATION_COMMENTS = YES;
				CLANG_WARN_EMPTY_BODY = YES;
				CLANG_WARN_ENUM_CONVERSION = YES;
				CLANG_WARN_INFINITE_RECURSION = YES;
				CLANG_WARN_INT_CONVERSION = YES;
				CLANG_WARN_NON_LITERAL_NULL_CONVERSION = YES;
				CLANG_WARN_OBJC_LITERAL_CONVERSION = YES;
				CLANG_WARN_OBJC_ROOT_CLASS = YES_ERROR;
				CLANG_WARN_RANGE_LOOP_ANALYSIS = YES;
				CLANG_WARN_STRICT_PROTOTYPES = YES;
				CLANG_WARN_SUSPICIOUS_MOVE = YES;
				CLANG_WARN_UNGUARDED_AVAILABILITY = YES_AGGRESSIVE;
				CLANG_WARN_UNREACHABLE_CODE = YES;
				CLANG_WARN__DUPLICATE_METHOD_MATCH = YES;
				CODE_SIGN_IDENTITY = "iPhone Developer";
				COPY_PHASE_STRIP = NO;
				DEBUG_INFORMATION_FORMAT = dwarf;
				ENABLE_STRICT_OBJC_MSGSEND = YES;
				ENABLE_TESTABILITY = YES;
				GCC_C_LANGUAGE_STANDARD = gnu11;
				GCC_DYNAMIC_NO_PIC = NO;
				GCC_NO_COMMON_BLOCKS = YES;
				GCC_OPTIMIZATION_LEVEL = 0;
				GCC_PREPROCESSOR_DEFINITIONS = (
					"DEBUG=1",
					"$(inherited)",
				);
				GCC_WARN_64_TO_32_BIT_CONVERSION = YES;
				GCC_WARN_ABOUT_RETURN_TYPE = YES_ERROR;
				GCC_WARN_UNDECLARED_SELECTOR = YES;
				GCC_WARN_UNINITIALIZED_AUTOS = YES_AGGRESSIVE;
				GCC_WARN_UNUSED_FUNCTION = YES;
				GCC_WARN_UNUSED_VARIABLE = YES;
				IPHONEOS_DEPLOYMENT_TARGET = 11.2;
				MTL_ENABLE_DEBUG_INFO = YES;
				ONLY_ACTIVE_ARCH = YES;
				SDKROOT = iphoneos;
				SWIFT_ACTIVE_COMPILATION_CONDITIONS = DEBUG;
				SWIFT_OPTIMIZATION_LEVEL = "-Onone";
			};
			name = Debug;
		};
		D2E29E52204660440009946E /* Release */ = {
			isa = XCBuildConfiguration;
			buildSettings = {
				ALWAYS_SEARCH_USER_PATHS = NO;
				CLANG_ANALYZER_NONNULL = YES;
				CLANG_ANALYZER_NUMBER_OBJECT_CONVERSION = YES_AGGRESSIVE;
				CLANG_CXX_LANGUAGE_STANDARD = "gnu++14";
				CLANG_CXX_LIBRARY = "libc++";
				CLANG_ENABLE_MODULES = YES;
				CLANG_ENABLE_OBJC_ARC = YES;
				CLANG_WARN_BLOCK_CAPTURE_AUTORELEASING = YES;
				CLANG_WARN_BOOL_CONVERSION = YES;
				CLANG_WARN_COMMA = YES;
				CLANG_WARN_CONSTANT_CONVERSION = YES;
				CLANG_WARN_DIRECT_OBJC_ISA_USAGE = YES_ERROR;
				CLANG_WARN_DOCUMENTATION_COMMENTS = YES;
				CLANG_WARN_EMPTY_BODY = YES;
				CLANG_WARN_ENUM_CONVERSION = YES;
				CLANG_WARN_INFINITE_RECURSION = YES;
				CLANG_WARN_INT_CONVERSION = YES;
				CLANG_WARN_NON_LITERAL_NULL_CONVERSION = YES;
				CLANG_WARN_OBJC_LITERAL_CONVERSION = YES;
				CLANG_WARN_OBJC_ROOT_CLASS = YES_ERROR;
				CLANG_WARN_RANGE_LOOP_ANALYSIS = YES;
				CLANG_WARN_STRICT_PROTOTYPES = YES;
				CLANG_WARN_SUSPICIOUS_MOVE = YES;
				CLANG_WARN_UNGUARDED_AVAILABILITY = YES_AGGRESSIVE;
				CLANG_WARN_UNREACHABLE_CODE = YES;
				CLANG_WARN__DUPLICATE_METHOD_MATCH = YES;
				CODE_SIGN_IDENTITY = "iPhone Developer";
				COPY_PHASE_STRIP = NO;
				DEBUG_INFORMATION_FORMAT = "dwarf-with-dsym";
				ENABLE_NS_ASSERTIONS = NO;
				ENABLE_STRICT_OBJC_MSGSEND = YES;
				GCC_C_LANGUAGE_STANDARD = gnu11;
				GCC_NO_COMMON_BLOCKS = YES;
				GCC_WARN_64_TO_32_BIT_CONVERSION = YES;
				GCC_WARN_ABOUT_RETURN_TYPE = YES_ERROR;
				GCC_WARN_UNDECLARED_SELECTOR = YES;
				GCC_WARN_UNINITIALIZED_AUTOS = YES_AGGRESSIVE;
				GCC_WARN_UNUSED_FUNCTION = YES;
				GCC_WARN_UNUSED_VARIABLE = YES;
				IPHONEOS_DEPLOYMENT_TARGET = 11.2;
				MTL_ENABLE_DEBUG_INFO = NO;
				SDKROOT = iphoneos;
				SWIFT_OPTIMIZATION_LEVEL = "-Owholemodule";
				VALIDATE_PRODUCT = YES;
			};
			name = Release;
		};
		D2E29E54204660440009946E /* Debug */ = {
			isa = XCBuildConfiguration;
			buildSettings = {
				ASSETCATALOG_COMPILER_APPICON_NAME = AppIcon;
				CODE_SIGN_STYLE = Automatic;
				DEVELOPMENT_TEAM = ZY3ZU2P83E;
				INFOPLIST_FILE = "Flood Safety Simulator/Info.plist";
				LD_RUNPATH_SEARCH_PATHS = "$(inherited) @executable_path/Frameworks";
				PRODUCT_BUNDLE_IDENTIFIER = "com.scottblechman.Flood-Safety-Simulator";
				PRODUCT_NAME = "$(TARGET_NAME)";
				SWIFT_VERSION = 4.0;
				TARGETED_DEVICE_FAMILY = "1,2";
			};
			name = Debug;
		};
		D2E29E55204660440009946E /* Release */ = {
			isa = XCBuildConfiguration;
			buildSettings = {
				ASSETCATALOG_COMPILER_APPICON_NAME = AppIcon;
				CODE_SIGN_STYLE = Automatic;
				DEVELOPMENT_TEAM = ZY3ZU2P83E;
				INFOPLIST_FILE = "Flood Safety Simulator/Info.plist";
				LD_RUNPATH_SEARCH_PATHS = "$(inherited) @executable_path/Frameworks";
				PRODUCT_BUNDLE_IDENTIFIER = "com.scottblechman.Flood-Safety-Simulator";
				PRODUCT_NAME = "$(TARGET_NAME)";
				SWIFT_VERSION = 4.0;
				TARGETED_DEVICE_FAMILY = "1,2";
			};
			name = Release;
		};
		D2E29E57204660440009946E /* Debug */ = {
			isa = XCBuildConfiguration;
			buildSettings = {
				ALWAYS_EMBED_SWIFT_STANDARD_LIBRARIES = YES;
				BUNDLE_LOADER = "$(TEST_HOST)";
				CODE_SIGN_STYLE = Automatic;
				DEVELOPMENT_TEAM = ZY3ZU2P83E;
				INFOPLIST_FILE = "Flood Safety SimulatorTests/Info.plist";
				LD_RUNPATH_SEARCH_PATHS = "$(inherited) @executable_path/Frameworks @loader_path/Frameworks";
				PRODUCT_BUNDLE_IDENTIFIER = "com.scottblechman.Flood-Safety-SimulatorTests";
				PRODUCT_NAME = "$(TARGET_NAME)";
				SWIFT_VERSION = 4.0;
				TARGETED_DEVICE_FAMILY = "1,2";
				TEST_HOST = "$(BUILT_PRODUCTS_DIR)/Flood Safety Simulator.app/Flood Safety Simulator";
			};
			name = Debug;
		};
		D2E29E58204660440009946E /* Release */ = {
			isa = XCBuildConfiguration;
			buildSettings = {
				ALWAYS_EMBED_SWIFT_STANDARD_LIBRARIES = YES;
				BUNDLE_LOADER = "$(TEST_HOST)";
				CODE_SIGN_STYLE = Automatic;
				DEVELOPMENT_TEAM = ZY3ZU2P83E;
				INFOPLIST_FILE = "Flood Safety SimulatorTests/Info.plist";
				LD_RUNPATH_SEARCH_PATHS = "$(inherited) @executable_path/Frameworks @loader_path/Frameworks";
				PRODUCT_BUNDLE_IDENTIFIER = "com.scottblechman.Flood-Safety-SimulatorTests";
				PRODUCT_NAME = "$(TARGET_NAME)";
				SWIFT_VERSION = 4.0;
				TARGETED_DEVICE_FAMILY = "1,2";
				TEST_HOST = "$(BUILT_PRODUCTS_DIR)/Flood Safety Simulator.app/Flood Safety Simulator";
			};
			name = Release;
		};
/* End XCBuildConfiguration section */

/* Begin XCConfigurationList section */
		D2E29E2F204660440009946E /* Build configuration list for PBXProject "Flood Safety Simulator" */ = {
			isa = XCConfigurationList;
			buildConfigurations = (
				D2E29E51204660440009946E /* Debug */,
				D2E29E52204660440009946E /* Release */,
			);
			defaultConfigurationIsVisible = 0;
			defaultConfigurationName = Release;
		};
		D2E29E53204660440009946E /* Build configuration list for PBXNativeTarget "Flood Safety Simulator" */ = {
			isa = XCConfigurationList;
			buildConfigurations = (
				D2E29E54204660440009946E /* Debug */,
				D2E29E55204660440009946E /* Release */,
			);
			defaultConfigurationIsVisible = 0;
			defaultConfigurationName = Release;
		};
		D2E29E56204660440009946E /* Build configuration list for PBXNativeTarget "Flood Safety SimulatorTests" */ = {
			isa = XCConfigurationList;
			buildConfigurations = (
				D2E29E57204660440009946E /* Debug */,
				D2E29E58204660440009946E /* Release */,
			);
			defaultConfigurationIsVisible = 0;
			defaultConfigurationName = Release;
		};
/* End XCConfigurationList section */
	};
	rootObject = D2E29E2C204660440009946E /* Project object */;
}
